
Microsoft Visual Studio Solution File, Format Version 12.00
# Visual Studio Version 17
VisualStudioVersion = 17.0.31903.59
MinimumVisualStudioVersion = 10.0.40219.1
Project("{2150E333-8FDC-42A3-9474-1A3956D46DE8}") = "motor-regras", "motor-regras", "{9E85D0F2-9758-FF70-0CE5-FA28ADE7361B}"
EndProject
Project("{FAE04EC0-301F-11D3-BF4B-00C04F79EFBC}") = "MotorRegras", "motor-regras\MotorRegras\MotorRegras.csproj", "{DCB936B3-A2C3-47A6-BBC9-F666C910D065}"
EndProject
Project("{FAE04EC0-301F-11D3-BF4B-00C04F79EFBC}") = "MotorRegras.Tests", "motor-regras\MotorRegras.Tests\MotorRegras.Tests.csproj", "{94FFA351-0B53-4A64-B806-8FCCCA1490F3}"
EndProject
Project("{2150E333-8FDC-42A3-9474-1A3956D46DE8}") = "integrador", "integrador", "{040E8357-1CD5-74AF-403E-987453A8BF41}"
EndProject
Project("{FAE04EC0-301F-11D3-BF4B-00C04F79EFBC}") = "Integrador", "integrador\Integrador\Integrador.csproj", "{7FDDDA17-2CF5-4C3E-ABDF-5225F2FA3F48}"
EndProject
Project("{2150E333-8FDC-42A3-9474-1A3956D46DE8}") = "dominio", "dominio", "{2CCB149A-C3F6-25AC-8AB5-178ADC6F3A2A}"
EndProject
Project("{FAE04EC0-301F-11D3-BF4B-00C04F79EFBC}") = "Dominio", "dominio\Dominio\Dominio.csproj", "{732C8F04-A458-4B5F-A4C3-FF4E3F89E8C5}"
EndProject
Project("{FAE04EC0-301F-11D3-BF4B-00C04F79EFBC}") = "Dominio.Tests", "dominio\Dominio.Tests\Dominio.Tests.csproj", "{637C5D8E-5332-424B-B7F0-9845A6A73BE7}"
EndProject
Project("{FAE04EC0-301F-11D3-BF4B-00C04F79EFBC}") = "Integrador.Tests", "integrador\Integrador.Tests\Integrador.Tests.csproj", "{BC56499D-EE73-4083-993F-FC26A960021B}"
EndProject
Project("{2150E333-8FDC-42A3-9474-1A3956D46DE8}") = "nucleo", "nucleo", "{D9234ADD-711F-2299-3C55-9709477B9BC6}"
EndProject
Project("{FAE04EC0-301F-11D3-BF4B-00C04F79EFBC}") = "Nucleo.Api", "nucleo\Nucleo.Api\Nucleo.Api.csproj", "{1A465933-058F-4FF1-A5E9-F2B24C619647}"
EndProject
Global
	GlobalSection(SolutionConfigurationPlatforms) = preSolution
		Debug|Any CPU = Debug|Any CPU
		Debug|x64 = Debug|x64
		Debug|x86 = Debug|x86
		Release|Any CPU = Release|Any CPU
		Release|x64 = Release|x64
		Release|x86 = Release|x86
	EndGlobalSection
	GlobalSection(ProjectConfigurationPlatforms) = postSolution
		{DCB936B3-A2C3-47A6-BBC9-F666C910D065}.Debug|Any CPU.ActiveCfg = Debug|Any CPU
		{DCB936B3-A2C3-47A6-BBC9-F666C910D065}.Debug|Any CPU.Build.0 = Debug|Any CPU
		{DCB936B3-A2C3-47A6-BBC9-F666C910D065}.Debug|x64.ActiveCfg = Debug|Any CPU
		{DCB936B3-A2C3-47A6-BBC9-F666C910D065}.Debug|x64.Build.0 = Debug|Any CPU
		{DCB936B3-A2C3-47A6-BBC9-F666C910D065}.Debug|x86.ActiveCfg = Debug|Any CPU
		{DCB936B3-A2C3-47A6-BBC9-F666C910D065}.Debug|x86.Build.0 = Debug|Any CPU
		{DCB936B3-A2C3-47A6-BBC9-F666C910D065}.Release|Any CPU.ActiveCfg = Release|Any CPU
		{DCB936B3-A2C3-47A6-BBC9-F666C910D065}.Release|Any CPU.Build.0 = Release|Any CPU
		{DCB936B3-A2C3-47A6-BBC9-F666C910D065}.Release|x64.ActiveCfg = Release|Any CPU
		{DCB936B3-A2C3-47A6-BBC9-F666C910D065}.Release|x64.Build.0 = Release|Any CPU
		{DCB936B3-A2C3-47A6-BBC9-F666C910D065}.Release|x86.ActiveCfg = Release|Any CPU
		{DCB936B3-A2C3-47A6-BBC9-F666C910D065}.Release|x86.Build.0 = Release|Any CPU
		{94FFA351-0B53-4A64-B806-8FCCCA1490F3}.Debug|Any CPU.ActiveCfg = Debug|Any CPU
		{94FFA351-0B53-4A64-B806-8FCCCA1490F3}.Debug|Any CPU.Build.0 = Debug|Any CPU
		{94FFA351-0B53-4A64-B806-8FCCCA1490F3}.Debug|x64.ActiveCfg = Debug|Any CPU
		{94FFA351-0B53-4A64-B806-8FCCCA1490F3}.Debug|x64.Build.0 = Debug|Any CPU
		{94FFA351-0B53-4A64-B806-8FCCCA1490F3}.Debug|x86.ActiveCfg = Debug|Any CPU
		{94FFA351-0B53-4A64-B806-8FCCCA1490F3}.Debug|x86.Build.0 = Debug|Any CPU
		{94FFA351-0B53-4A64-B806-8FCCCA1490F3}.Release|Any CPU.ActiveCfg = Release|Any CPU
		{94FFA351-0B53-4A64-B806-8FCCCA1490F3}.Release|Any CPU.Build.0 = Release|Any CPU
		{94FFA351-0B53-4A64-B806-8FCCCA1490F3}.Release|x64.ActiveCfg = Release|Any CPU
		{94FFA351-0B53-4A64-B806-8FCCCA1490F3}.Release|x64.Build.0 = Release|Any CPU
		{94FFA351-0B53-4A64-B806-8FCCCA1490F3}.Release|x86.ActiveCfg = Release|Any CPU
		{94FFA351-0B53-4A64-B806-8FCCCA1490F3}.Release|x86.Build.0 = Release|Any CPU
		{7FDDDA17-2CF5-4C3E-ABDF-5225F2FA3F48}.Debug|Any CPU.ActiveCfg = Debug|Any CPU
		{7FDDDA17-2CF5-4C3E-ABDF-5225F2FA3F48}.Debug|Any CPU.Build.0 = Debug|Any CPU
		{7FDDDA17-2CF5-4C3E-ABDF-5225F2FA3F48}.Debug|x64.ActiveCfg = Debug|Any CPU
		{7FDDDA17-2CF5-4C3E-ABDF-5225F2FA3F48}.Debug|x64.Build.0 = Debug|Any CPU
		{7FDDDA17-2CF5-4C3E-ABDF-5225F2FA3F48}.Debug|x86.ActiveCfg = Debug|Any CPU
		{7FDDDA17-2CF5-4C3E-ABDF-5225F2FA3F48}.Debug|x86.Build.0 = Debug|Any CPU
		{7FDDDA17-2CF5-4C3E-ABDF-5225F2FA3F48}.Release|Any CPU.ActiveCfg = Release|Any CPU
		{7FDDDA17-2CF5-4C3E-ABDF-5225F2FA3F48}.Release|Any CPU.Build.0 = Release|Any CPU
		{7FDDDA17-2CF5-4C3E-ABDF-5225F2FA3F48}.Release|x64.ActiveCfg = Release|Any CPU
		{7FDDDA17-2CF5-4C3E-ABDF-5225F2FA3F48}.Release|x64.Build.0 = Release|Any CPU
		{7FDDDA17-2CF5-4C3E-ABDF-5225F2FA3F48}.Release|x86.ActiveCfg = Release|Any CPU
		{7FDDDA17-2CF5-4C3E-ABDF-5225F2FA3F48}.Release|x86.Build.0 = Release|Any CPU
		{732C8F04-A458-4B5F-A4C3-FF4E3F89E8C5}.Debug|Any CPU.ActiveCfg = Debug|Any CPU
		{732C8F04-A458-4B5F-A4C3-FF4E3F89E8C5}.Debug|Any CPU.Build.0 = Debug|Any CPU
		{732C8F04-A458-4B5F-A4C3-FF4E3F89E8C5}.Debug|x64.ActiveCfg = Debug|Any CPU
		{732C8F04-A458-4B5F-A4C3-FF4E3F89E8C5}.Debug|x64.Build.0 = Debug|Any CPU
		{732C8F04-A458-4B5F-A4C3-FF4E3F89E8C5}.Debug|x86.ActiveCfg = Debug|Any CPU
		{732C8F04-A458-4B5F-A4C3-FF4E3F89E8C5}.Debug|x86.Build.0 = Debug|Any CPU
		{732C8F04-A458-4B5F-A4C3-FF4E3F89E8C5}.Release|Any CPU.ActiveCfg = Release|Any CPU
		{732C8F04-A458-4B5F-A4C3-FF4E3F89E8C5}.Release|Any CPU.Build.0 = Release|Any CPU
		{732C8F04-A458-4B5F-A4C3-FF4E3F89E8C5}.Release|x64.ActiveCfg = Release|Any CPU
		{732C8F04-A458-4B5F-A4C3-FF4E3F89E8C5}.Release|x64.Build.0 = Release|Any CPU
		{732C8F04-A458-4B5F-A4C3-FF4E3F89E8C5}.Release|x86.ActiveCfg = Release|Any CPU
		{732C8F04-A458-4B5F-A4C3-FF4E3F89E8C5}.Release|x86.Build.0 = Release|Any CPU
		{637C5D8E-5332-424B-B7F0-9845A6A73BE7}.Debug|Any CPU.ActiveCfg = Debug|Any CPU
		{637C5D8E-5332-424B-B7F0-9845A6A73BE7}.Debug|Any CPU.Build.0 = Debug|Any CPU
		{637C5D8E-5332-424B-B7F0-9845A6A73BE7}.Debug|x64.ActiveCfg = Debug|Any CPU
		{637C5D8E-5332-424B-B7F0-9845A6A73BE7}.Debug|x64.Build.0 = Debug|Any CPU
		{637C5D8E-5332-424B-B7F0-9845A6A73BE7}.Debug|x86.ActiveCfg = Debug|Any CPU
		{637C5D8E-5332-424B-B7F0-9845A6A73BE7}.Debug|x86.Build.0 = Debug|Any CPU
		{637C5D8E-5332-424B-B7F0-9845A6A73BE7}.Release|Any CPU.ActiveCfg = Release|Any CPU
		{637C5D8E-5332-424B-B7F0-9845A6A73BE7}.Release|Any CPU.Build.0 = Release|Any CPU
		{637C5D8E-5332-424B-B7F0-9845A6A73BE7}.Release|x64.ActiveCfg = Release|Any CPU
		{637C5D8E-5332-424B-B7F0-9845A6A73BE7}.Release|x64.Build.0 = Release|Any CPU
		{637C5D8E-5332-424B-B7F0-9845A6A73BE7}.Release|x86.ActiveCfg = Release|Any CPU
		{637C5D8E-5332-424B-B7F0-9845A6A73BE7}.Release|x86.Build.0 = Release|Any CPU
		{BC56499D-EE73-4083-993F-FC26A960021B}.Debug|Any CPU.ActiveCfg = Debug|Any CPU
		{BC56499D-EE73-4083-993F-FC26A960021B}.Debug|Any CPU.Build.0 = Debug|Any CPU
		{BC56499D-EE73-4083-993F-FC26A960021B}.Debug|x64.ActiveCfg = Debug|Any CPU
		{BC56499D-EE73-4083-993F-FC26A960021B}.Debug|x64.Build.0 = Debug|Any CPU
		{BC56499D-EE73-4083-993F-FC26A960021B}.Debug|x86.ActiveCfg = Debug|Any CPU
		{BC56499D-EE73-4083-993F-FC26A960021B}.Debug|x86.Build.0 = Debug|Any CPU
		{BC56499D-EE73-4083-993F-FC26A960021B}.Release|Any CPU.ActiveCfg = Release|Any CPU
		{BC56499D-EE73-4083-993F-FC26A960021B}.Release|Any CPU.Build.0 = Release|Any CPU
		{BC56499D-EE73-4083-993F-FC26A960021B}.Release|x64.ActiveCfg = Release|Any CPU
		{BC56499D-EE73-4083-993F-FC26A960021B}.Release|x64.Build.0 = Release|Any CPU
		{BC56499D-EE73-4083-993F-FC26A960021B}.Release|x86.ActiveCfg = Release|Any CPU
		{BC56499D-EE73-4083-993F-FC26A960021B}.Release|x86.Build.0 = Release|Any CPU
		{1A465933-058F-4FF1-A5E9-F2B24C619647}.Debug|Any CPU.ActiveCfg = Debug|Any CPU
		{1A465933-058F-4FF1-A5E9-F2B24C619647}.Debug|Any CPU.Build.0 = Debug|Any CPU
		{1A465933-058F-4FF1-A5E9-F2B24C619647}.Debug|x64.ActiveCfg = Debug|Any CPU
		{1A465933-058F-4FF1-A5E9-F2B24C619647}.Debug|x64.Build.0 = Debug|Any CPU
		{1A465933-058F-4FF1-A5E9-F2B24C619647}.Debug|x86.ActiveCfg = Debug|Any CPU
		{1A465933-058F-4FF1-A5E9-F2B24C619647}.Debug|x86.Build.0 = Debug|Any CPU
		{1A465933-058F-4FF1-A5E9-F2B24C619647}.Release|Any CPU.ActiveCfg = Release|Any CPU
		{1A465933-058F-4FF1-A5E9-F2B24C619647}.Release|Any CPU.Build.0 = Release|Any CPU
		{1A465933-058F-4FF1-A5E9-F2B24C619647}.Release|x64.ActiveCfg = Release|Any CPU
		{1A465933-058F-4FF1-A5E9-F2B24C619647}.Release|x64.Build.0 = Release|Any CPU
		{1A465933-058F-4FF1-A5E9-F2B24C619647}.Release|x86.ActiveCfg = Release|Any CPU
		{1A465933-058F-4FF1-A5E9-F2B24C619647}.Release|x86.Build.0 = Release|Any CPU
	EndGlobalSection
	GlobalSection(SolutionProperties) = preSolution
		HideSolutionNode = FALSE
	EndGlobalSection
	GlobalSection(NestedProjects) = preSolution
		{DCB936B3-A2C3-47A6-BBC9-F666C910D065} = {9E85D0F2-9758-FF70-0CE5-FA28ADE7361B}
		{94FFA351-0B53-4A64-B806-8FCCCA1490F3} = {9E85D0F2-9758-FF70-0CE5-FA28ADE7361B}
		{7FDDDA17-2CF5-4C3E-ABDF-5225F2FA3F48} = {040E8357-1CD5-74AF-403E-987453A8BF41}
		{732C8F04-A458-4B5F-A4C3-FF4E3F89E8C5} = {2CCB149A-C3F6-25AC-8AB5-178ADC6F3A2A}
		{637C5D8E-5332-424B-B7F0-9845A6A73BE7} = {2CCB149A-C3F6-25AC-8AB5-178ADC6F3A2A}
		{BC56499D-EE73-4083-993F-FC26A960021B} = {040E8357-1CD5-74AF-403E-987453A8BF41}
		{1A465933-058F-4FF1-A5E9-F2B24C619647} = {D9234ADD-711F-2299-3C55-9709477B9BC6}
	EndGlobalSection
EndGlobal
